<?xml version="1.0" encoding="utf-8"?>
<Project ToolsVersion="4.0" xmlns="http://schemas.microsoft.com/developer/msbuild/2003">
  <ItemGroup>
    <ClCompile Include="GameScene.cpp" />
    <ClCompile Include="main.cpp" />
    <ClCompile Include="Map.cpp" />
    <ClCompile Include="Obstacle.cpp" />
    <ClCompile Include="PauseScene.cpp" />
    <ClCompile Include="Player.cpp" />
    <ClCompile Include="Scene.cpp" />
    <ClCompile Include="SkinScene.cpp" />
    <ClCompile Include="MenuScene.cpp" />
    <ClCompile Include="Camera.cpp" />
    <ClCompile Include="Log.cpp" />
  </ItemGroup>
  <ItemGroup>
    <ClInclude Include="GameScene.h" />
    <ClInclude Include="Map.h" />
    <ClInclude Include="Obstacle.h" />
    <ClInclude Include="PauseScene.h" />
    <ClInclude Include="Player.h" />
    <ClInclude Include="MenuScene.h" />
    <ClInclude Include="resource.h" />
    <ClInclude Include="Scene.h" />
    <ClInclude Include="SkinScene.h" />
    <ClInclude Include="Camera.h" />
    <ClInclude Include="Log.h" />
  </ItemGroup>
  <ItemGroup>
    <ResourceCompile Include="FiniteStateMachine.rc" />
  </ItemGroup>
</Project>